// !$*UTF8*$!
{
	archiveVersion = 1;
	classes = {
	};
	objectVersion = 48;
	objects = {

/* Begin PBXBuildFile section */
		2BE61D191F4EF05F0090FDF3 /* AppDelegate.swift in Sources */ = {isa = PBXBuildFile; fileRef = 2BE61D181F4EF05F0090FDF3 /* AppDelegate.swift */; };
		2BE61D1B1F4EF05F0090FDF3 /* ViewController.swift in Sources */ = {isa = PBXBuildFile; fileRef = 2BE61D1A1F4EF05F0090FDF3 /* ViewController.swift */; };
		2BE61D1E1F4EF05F0090FDF3 /* Main.storyboard in Resources */ = {isa = PBXBuildFile; fileRef = 2BE61D1C1F4EF05F0090FDF3 /* Main.storyboard */; };
		2BE61D201F4EF05F0090FDF3 /* Assets.xcassets in Resources */ = {isa = PBXBuildFile; fileRef = 2BE61D1F1F4EF05F0090FDF3 /* Assets.xcassets */; };
		2BE61D231F4EF05F0090FDF3 /* LaunchScreen.storyboard in Resources */ = {isa = PBXBuildFile; fileRef = 2BE61D211F4EF05F0090FDF3 /* LaunchScreen.storyboard */; };
/* End PBXBuildFile section */

/* Begin PBXFileReference section */
		2BE61D151F4EF05F0090FDF3 /* ClipsButton.app */ = {isa = PBXFileReference; explicitFileType = wrapper.application; includeInIndex = 0; path = ClipsButton.app; sourceTree = BUILT_PRODUCTS_DIR; };
		2BE61D181F4EF05F0090FDF3 /* AppDelegate.swift */ = {isa = PBXFileReference; lastKnownFileType = sourcecode.swift; path = AppDelegate.swift; sourceTree = "<group>"; };
		2BE61D1A1F4EF05F0090FDF3 /* ViewController.swift */ = {isa = PBXFileReference; lastKnownFileType = sourcecode.swift; path = ViewController.swift; sourceTree = "<group>"; };
		2BE61D1D1F4EF05F0090FDF3 /* Base */ = {isa = PBXFileReference; lastKnownFileType = file.storyboard; name = Base; path = Base.lproj/Main.storyboard; sourceTree = "<group>"; };
		2BE61D1F1F4EF05F0090FDF3 /* Assets.xcassets */ = {isa = PBXFileReference; lastKnownFileType = folder.assetcatalog; path = Assets.xcassets; sourceTree = "<group>"; };
		2BE61D221F4EF05F0090FDF3 /* Base */ = {isa = PBXFileReference; lastKnownFileType = file.storyboard; name = Base; path = Base.lproj/LaunchScreen.storyboard; sourceTree = "<group>"; };
		2BE61D241F4EF05F0090FDF3 /* Info.plist */ = {isa = PBXFileReference; lastKnownFileType = text.plist.xml; path = Info.plist; sourceTree = "<group>"; };
/* End PBXFileReference section */

/* Begin PBXFrameworksBuildPhase section */
		2BE61D121F4EF05F0090FDF3 /* Frameworks */ = {
			isa = PBXFrameworksBuildPhase;
			buildActionMask = 2147483647;
			files = (
			);
			runOnlyForDeploymentPostprocessing = 0;
		};
/* End PBXFrameworksBuildPhase section */

/* Begin PBXGroup section */
		2BE61D0C1F4EF05F0090FDF3 = {
			isa = PBXGroup;
			children = (
				2BE61D171F4EF05F0090FDF3 /* ClipsButton */,
				2BE61D161F4EF05F0090FDF3 /* Products */,
			);
			sourceTree = "<group>";
		};
		2BE61D161F4EF05F0090FDF3 /* Products */ = {
			isa = PBXGroup;
			children = (
				2BE61D151F4EF05F0090FDF3 /* ClipsButton.app */,
			);
			name = Products;
			sourceTree = "<group>";
		};
		2BE61D171F4EF05F0090FDF3 /* ClipsButton */ = {
			isa = PBXGroup;
			children = (
				2BE61D181F4EF05F0090FDF3 /* AppDelegate.swift */,
				2BE61D1A1F4EF05F0090FDF3 /* ViewController.swift */,
				2BE61D1C1F4EF05F0090FDF3 /* Main.storyboard */,
				2BE61D1F1F4EF05F0090FDF3 /* Assets.xcassets */,
				2BE61D211F4EF05F0090FDF3 /* LaunchScreen.storyboard */,
				2BE61D241F4EF05F0090FDF3 /* Info.plist */,
			);
			path = ClipsButton;
			sourceTree = "<group>";
		};
/* End PBXGroup section */

/* Begin PBXNativeTarget section */
		2BE61D141F4EF05F0090FDF3 /* ClipsButton */ = {
			isa = PBXNativeTarget;
			buildConfigurationList = 2BE61D271F4EF05F0090FDF3 /* Build configuration list for PBXNativeTarget "ClipsButton" */;
			buildPhases = (
				2BE61D111F4EF05F0090FDF3 /* Sources */,
				2BE61D121F4EF05F0090FDF3 /* Frameworks */,
				2BE61D131F4EF05F0090FDF3 /* Resources */,
			);
			buildRules = (
			);
			dependencies = (
			);
			name = ClipsButton;
			productName = ClipsButton;
			productReference = 2BE61D151F4EF05F0090FDF3 /* ClipsButton.app */;
			productType = "com.apple.product-type.application";
		};
/* End PBXNativeTarget section */

/* Begin PBXProject section */
		2BE61D0D1F4EF05F0090FDF3 /* Project object */ = {
			isa = PBXProject;
			attributes = {
				LastSwiftUpdateCheck = 0900;
				LastUpgradeCheck = 0900;
				ORGANIZATIONNAME = dxl;
				TargetAttributes = {
					2BE61D141F4EF05F0090FDF3 = {
						CreatedOnToolsVersion = 9.0;
					};
				};
			};
			buildConfigurationList = 2BE61D101F4EF05F0090FDF3 /* Build configuration list for PBXProject "ClipsButton" */;
			compatibilityVersion = "Xcode 8.0";
			developmentRegion = en;
			hasScannedForEncodings = 0;
			knownRegions = (
				en,
				Base,
			);
			mainGroup = 2BE61D0C1F4EF05F0090FDF3;
			productRefGroup = 2BE61D161F4EF05F0090FDF3 /* Products */;
			projectDirPath = "";
			projectRoot = "";
			targets = (
				2BE61D141F4EF05F0090FDF3 /* ClipsButton */,
			);
		};
/* End PBXProject section */

/* Begin PBXResourcesBuildPhase section */
		2BE61D131F4EF05F0090FDF3 /* Resources */ = {
			isa = PBXResourcesBuildPhase;
			buildActionMask = 2147483647;
			files = (
				2BE61D231F4EF05F0090FDF3 /* LaunchScreen.storyboard in Resources */,
				2BE61D201F4EF05F0090FDF3 /* Assets.xcassets in Resources */,
				2BE61D1E1F4EF05F0090FDF3 /* Main.storyboard in Resources */,
			);
			runOnlyForDeploymentPostprocessing = 0;
		};
/* End PBXResourcesBuildPhase section */

/* Begin PBXSourcesBuildPhase section */
		2BE61D111F4EF05F0090FDF3 /* Sources */ = {
			isa = PBXSourcesBuildPhase;
			buildActionMask = 2147483647;
			files = (
				2BE61D1B1F4EF05F0090FDF3 /* ViewController.swift in Sources */,
				2BE61D191F4EF05F0090FDF3 /* AppDelegate.swift in Sources */,
			);
			runOnlyForDeploymentPostprocessing = 0;
		};
/* End PBXSourcesBuildPhase section */

/* Begin PBXVariantGroup section */
		2BE61D1C1F4EF05F0090FDF3 /* Main.storyboard */ = {
			isa = PBXVariantGroup;
			children = (
				2BE61D1D1F4EF05F0090FDF3 /* Base */,
			);
			name = Main.storyboard;
			sourceTree = "<group>";
		};
		2BE61D211F4EF05F0090FDF3 /* LaunchScreen.storyboard */ = {
			isa = PBXVariantGroup;
			children = (
				2BE61D221F4EF05F0090FDF3 /* Base */,
			);
			name = LaunchScreen.storyboard;
			sourceTree = "<group>";
		};
/* End PBXVariantGroup section */

/* Begin XCBuildConfiguration section */
		2BE61D251F4EF05F0090FDF3 /* Debug */ = {
			isa = XCBuildConfiguration;
			buildSettings = {
				ALWAYS_SEARCH_USER_PATHS = NO;
				CLANG_ANALYZER_NONNULL = YES;
				CLANG_ANALYZER_NUMBER_OBJECT_CONVERSION = YES_AGGRESSIVE;
				CLANG_CXX_LANGUAGE_STANDARD = "gnu++14";
				CLANG_CXX_LIBRARY = "libc++";
				CLANG_ENABLE_MODULES = YES;
				CLANG_ENABLE_OBJC_ARC = YES;
				CLANG_WARN_BLOCK_CAPTURE_AUTORELEASING = YES;
				CLANG_WARN_BOOL_CONVERSION = YES;
				CLANG_WARN_COMMA = YES;
				CLANG_WARN_CONSTANT_CONVERSION = YES;
				CLANG_WARN_DIRECT_OBJC_ISA_USAGE = YES_ERROR;
				CLANG_WARN_DOCUMENTATION_COMMENTS = YES;
				CLANG_WARN_EMPTY_BODY = YES;
				CLANG_WARN_ENUM_CONVERSION = YES;
				CLANG_WARN_INFINITE_RECURSION = YES;
				CLANG_WARN_INT_CONVERSION = YES;
				CLANG_WARN_NON_LITERAL_NULL_CONVERSION = YES;
				CLANG_WARN_OBJC_LITERAL_CONVERSION = YES;
				CLANG_WARN_OBJC_ROOT_CLASS = YES_ERROR;
				CLANG_WARN_RANGE_LOOP_ANALYSIS = YES;
				CLANG_WARN_STRICT_PROTOTYPES = YES;
				CLANG_WARN_SUSPICIOUS_MOVE = YES;
				CLANG_WARN_UNGUARDED_AVAILABILITY = YES_AGGRESSIVE;
				CLANG_WARN_UNREACHABLE_CODE = YES;
				CLANG_WARN__DUPLICATE_METHOD_MATCH = YES;
				CODE_SIGN_IDENTITY = "iPhone Developer";
				COPY_PHASE_STRIP = NO;
				DEBUG_INFORMATION_FORMAT = dwarf;
				ENABLE_STRICT_OBJC_MSGSEND = YES;
				ENABLE_TESTABILITY = YES;
				GCC_C_LANGUAGE_STANDARD = gnu11;
				GCC_DYNAMIC_NO_PIC = NO;
				GCC_NO_COMMON_BLOCKS = YES;
				GCC_OPTIMIZATION_LEVEL = 0;
				GCC_PREPROCESSOR_DEFINITIONS = (
					"DEBUG=1",
					"$(inherited)",
				);
				GCC_WARN_64_TO_32_BIT_CONVERSION = YES;
				GCC_WARN_ABOUT_RETURN_TYPE = YES_ERROR;
				GCC_WARN_UNDECLARED_SELECTOR = YES;
				GCC_WARN_UNINITIALIZED_AUTOS = YES_AGGRESSIVE;
				GCC_WARN_UNUSED_FUNCTION = YES;
				GCC_WARN_UNUSED_VARIABLE = YES;
				IPHONEOS_DEPLOYMENT_TARGET = 11.0;
				MTL_ENABLE_DEBUG_INFO = YES;
				ONLY_ACTIVE_ARCH = YES;
				SDKROOT = iphoneos;
				SWIFT_ACTIVE_COMPILATION_CONDITIONS = DEBUG;
				SWIFT_OPTIMIZATION_LEVEL = "-Onone";
			};
			name = Debug;
		};
		2BE61D261F4EF05F0090FDF3 /* Release */ = {
			isa = XCBuildConfiguration;
			buildSettings = {
				ALWAYS_SEARCH_USER_PATHS = NO;
				CLANG_ANALYZER_NONNULL = YES;
				CLANG_ANALYZER_NUMBER_OBJECT_CONVERSION = YES_AGGRESSIVE;
				CLANG_CXX_LANGUAGE_STANDARD = "gnu++14";
				CLANG_CXX_LIBRARY = "libc++";
				CLANG_ENABLE_MODULES = YES;
				CLANG_ENABLE_OBJC_ARC = YES;
				CLANG_WARN_BLOCK_CAPTURE_AUTORELEASING = YES;
				CLANG_WARN_BOOL_CONVERSION = YES;
				CLANG_WARN_COMMA = YES;
				CLANG_WARN_CONSTANT_CONVERSION = YES;
				CLANG_WARN_DIRECT_OBJC_ISA_USAGE = YES_ERROR;
				CLANG_WARN_DOCUMENTATION_COMMENTS = YES;
				CLANG_WARN_EMPTY_BODY = YES;
				CLANG_WARN_ENUM_CONVERSION = YES;
				CLANG_WARN_INFINITE_RECURSION = YES;
				CLANG_WARN_INT_CONVERSION = YES;
				CLANG_WARN_NON_LITERAL_NULL_CONVERSION = YES;
				CLANG_WARN_OBJC_LITERAL_CONVERSION = YES;
				CLANG_WARN_OBJC_ROOT_CLASS = YES_ERROR;
				CLANG_WARN_RANGE_LOOP_ANALYSIS = YES;
				CLANG_WARN_STRICT_PROTOTYPES = YES;
				CLANG_WARN_SUSPICIOUS_MOVE = YES;
				CLANG_WARN_UNGUARDED_AVAILABILITY = YES_AGGRESSIVE;
				CLANG_WARN_UNREACHABLE_CODE = YES;
				CLANG_WARN__DUPLICATE_METHOD_MATCH = YES;
				CODE_SIGN_IDENTITY = "iPhone Developer";
				COPY_PHASE_STRIP = NO;
				DEBUG_INFORMATION_FORMAT = "dwarf-with-dsym";
				ENABLE_NS_ASSERTIONS = NO;
				ENABLE_STRICT_OBJC_MSGSEND = YES;
				GCC_C_LANGUAGE_STANDARD = gnu11;
				GCC_NO_COMMON_BLOCKS = YES;
				GCC_WARN_64_TO_32_BIT_CONVERSION = YES;
				GCC_WARN_ABOUT_RETURN_TYPE = YES_ERROR;
				GCC_WARN_UNDECLARED_SELECTOR = YES;
				GCC_WARN_UNINITIALIZED_AUTOS = YES_AGGRESSIVE;
				GCC_WARN_UNUSED_FUNCTION = YES;
				GCC_WARN_UNUSED_VARIABLE = YES;
				IPHONEOS_DEPLOYMENT_TARGET = 11.0;
				MTL_ENABLE_DEBUG_INFO = NO;
				SDKROOT = iphoneos;
				SWIFT_OPTIMIZATION_LEVEL = "-Owholemodule";
				VALIDATE_PRODUCT = YES;
			};
			name = Release;
		};
		2BE61D281F4EF05F0090FDF3 /* Debug */ = {
			isa = XCBuildConfiguration;
			buildSettings = {
				ASSETCATALOG_COMPILER_APPICON_NAME = AppIcon;
				INFOPLIST_FILE = ClipsButton/Info.plist;
				LD_RUNPATH_SEARCH_PATHS = "$(inherited) @executable_path/Frameworks";
				PRODUCT_BUNDLE_IDENTIFIER = com.dxl.ClipsButton;
				PRODUCT_NAME = "$(TARGET_NAME)";
				SWIFT_VERSION = 4.0;
				TARGETED_DEVICE_FAMILY = "1,2";
			};
			name = Debug;
		};
		2BE61D291F4EF05F0090FDF3 /* Release */ = {
			isa = XCBuildConfiguration;
			buildSettings = {
				ASSETCATALOG_COMPILER_APPICON_NAME = AppIcon;
				INFOPLIST_FILE = ClipsButton/Info.plist;
				LD_RUNPATH_SEARCH_PATHS = "$(inherited) @executable_path/Frameworks";
				PRODUCT_BUNDLE_IDENTIFIER = com.dxl.ClipsButton;
				PRODUCT_NAME = "$(TARGET_NAME)";
				SWIFT_VERSION = 4.0;
				TARGETED_DEVICE_FAMILY = "1,2";
			};
			name = Release;
		};
/* End XCBuildConfiguration section */

/* Begin XCConfigurationList section */
		2BE61D101F4EF05F0090FDF3 /* Build configuration list for PBXProject "ClipsButton" */ = {
			isa = XCConfigurationList;
			buildConfigurations = (
				2BE61D251F4EF05F0090FDF3 /* Debug */,
				2BE61D261F4EF05F0090FDF3 /* Release */,
			);
			defaultConfigurationIsVisible = 0;
			defaultConfigurationName = Release;
		};
		2BE61D271F4EF05F0090FDF3 /* Build configuration list for PBXNativeTarget "ClipsButton" */ = {
			isa = XCConfigurationList;
			buildConfigurations = (
				2BE61D281F4EF05F0090FDF3 /* Debug */,
				2BE61D291F4EF05F0090FDF3 /* Release */,
			);
			defaultConfigurationIsVisible = 0;
			defaultConfigurationName = Release;
		};
/* End XCConfigurationList section */
	};
	rootObject = 2BE61D0D1F4EF05F0090FDF3 /* Project object */;
}
